
Microsoft Visual Studio Solution File, Format Version 12.00
# Visual Studio 14
VisualStudioVersion = 14.0.25420.1
MinimumVisualStudioVersion = 10.0.40219.1
Project("{FAE04EC0-301F-11D3-BF4B-00C04F79EFBC}") = "BaseApi.Web", "BaseApi.Web\BaseApi.Web.csproj", "{1E4439DD-5F1B-4ED8-A9A6-91047D1FD40C}"
EndProject
Project("{FAE04EC0-301F-11D3-BF4B-00C04F79EFBC}") = "BaseApi.Console", "BaseApi.Console\BaseApi.Console.csproj", "{FC4BB4C0-65E4-4AF4-BC2C-8B6769E066EE}"
EndProject
Global
	GlobalSection(SolutionConfigurationPlatforms) = preSolution
		Debug|Any CPU = Debug|Any CPU
		Release|Any CPU = Release|Any CPU
	EndGlobalSection
	GlobalSection(ProjectConfigurationPlatforms) = postSolution
		{1E4439DD-5F1B-4ED8-A9A6-91047D1FD40C}.Debug|Any CPU.ActiveCfg = Debug|Any CPU
		{1E4439DD-5F1B-4ED8-A9A6-91047D1FD40C}.Debug|Any CPU.Build.0 = Debug|Any CPU
		{1E4439DD-5F1B-4ED8-A9A6-91047D1FD40C}.Release|Any CPU.ActiveCfg = Release|Any CPU
		{1E4439DD-5F1B-4ED8-A9A6-91047D1FD40C}.Release|Any CPU.Build.0 = Release|Any CPU
		{FC4BB4C0-65E4-4AF4-BC2C-8B6769E066EE}.Debug|Any CPU.ActiveCfg = Debug|Any CPU
		{FC4BB4C0-65E4-4AF4-BC2C-8B6769E066EE}.Debug|Any CPU.Build.0 = Debug|Any CPU
		{FC4BB4C0-65E4-4AF4-BC2C-8B6769E066EE}.Release|Any CPU.ActiveCfg = Release|Any CPU
		{FC4BB4C0-65E4-4AF4-BC2C-8B6769E066EE}.Release|Any CPU.Build.0 = Release|Any CPU
	EndGlobalSection
	GlobalSection(SolutionProperties) = preSolution
		HideSolutionNode = FALSE
	EndGlobalSection
EndGlobal
